# NOTICE: This lockfile contains some overrides from shard.override.yml
version: 2.0
shards:
  db:
    git: https://github.com/crystal-lang/crystal-db.git
    version: 0.12.0

  fzy:
    git: https://github.com/hugopl/fzy.git
    version: 0.5.5

  gi-crystal: # Overridden
    git: https://github.com/hugopl/gi-crystal.git
    version: 0.16.0+git.commit.4b38b6597fa9fc0e77028c5ed9ea31be9795a6d8

  gio:
    git: https://github.com/hugopl/gio.cr.git
    version: 0.1.0

  gtk4: # Overridden
    git: https://github.com/hugopl/gtk4.cr.git
    version: 0.14.0+git.commit.83c6921fc6b9916f3ff43e27d8b9d8ecda5f85d1

  harfbuzz:
    git: https://github.com/hugopl/harfbuzz.cr.git
    version: 0.1.0

  libadwaita:
    git: https://github.com/geopjr/libadwaita.cr.git
    version: 1.0.0+git.commit.23ce21d6400af7563ede0b53deea6d1f77436985

  pango:
    git: https://github.com/hugopl/pango.cr.git
    version: 0.2.0

  sqlite3:
    git: https://github.com/crystal-lang/crystal-sqlite3.git
    version: 0.20.0

