# NOTICE: This lockfile contains some overrides from shard.override.yml
version: 2.0
shards:
  db:
    git: https://github.com/crystal-lang/crystal-db.git
    version: 0.12.0

  fzy:
    git: https://github.com/hugopl/fzy.git
    version: 0.5.5

  gi-crystal: # Overridden
    git: https://github.com/hugopl/gi-crystal.git
    version: 0.16.0+git.commit.362ddfa72c6a1c326c6c549be606568939feb60e

  gio:
    git: https://github.com/hugopl/gio.cr.git
    version: 0.1.0

  gtk4:
    git: https://github.com/hugopl/gtk4.cr.git
    version: 0.14.0+git.commit.99f6197266fc4466e2b6cef21393f41d85c7ddf2

  harfbuzz:
    git: https://github.com/hugopl/harfbuzz.cr.git
    version: 0.1.0

  libadwaita:
    git: https://github.com/hugopl/libadwaita.cr.git
    version: 1.0.0+git.commit.5621ff8d6a7ab510ea7e20e6ab35341bd1de2fdf

  pango:
    git: https://github.com/hugopl/pango.cr.git
    version: 0.2.0

  sqlite3:
    git: https://github.com/crystal-lang/crystal-sqlite3.git
    version: 0.20.0

