version: 2.0
shards:
  db:
    git: https://github.com/crystal-lang/crystal-db.git
    version: 0.12.0

  fzy:
    git: https://github.com/hugopl/fzy.git
    version: 0.6.0

  gi-crystal:
    git: https://github.com/hugopl/gi-crystal.git
    version: 0.24.0

  gtk4:
    git: https://github.com/hugopl/gtk4.cr.git
    version: 0.17.0

  harfbuzz:
    git: https://github.com/hugopl/harfbuzz.cr.git
    version: 0.2.0

  libadwaita:
    git: https://github.com/geopjr/libadwaita.cr.git
    version: 1.0.0+git.commit.cffabb56e911d2a90c53c2fd14d6bd08bf5ac446

  pango:
    git: https://github.com/hugopl/pango.cr.git
    version: 0.3.1

  sqlite3:
    git: https://github.com/crystal-lang/crystal-sqlite3.git
    version: 0.20.0

